
Microsoft Visual Studio Solution File, Format Version 12.00
Project("{FAE04EC0-301F-11D3-BF4B-00C04F79EFBC}") = "Widerpaper", "Widerpaper.csproj", "{9E128D30-4ED2-437A-B2E8-6767A9C57936}"
EndProject
Global
	GlobalSection(SolutionConfigurationPlatforms) = preSolution
		Debug|Any CPU = Debug|Any CPU
		Release|Any CPU = Release|Any CPU
	EndGlobalSection
	GlobalSection(ProjectConfigurationPlatforms) = postSolution
		{9E128D30-4ED2-437A-B2E8-6767A9C57936}.Debug|Any CPU.ActiveCfg = Debug|Any CPU
		{9E128D30-4ED2-437A-B2E8-6767A9C57936}.Debug|Any CPU.Build.0 = Debug|Any CPU
		{9E128D30-4ED2-437A-B2E8-6767A9C57936}.Release|Any CPU.ActiveCfg = Release|Any CPU
		{9E128D30-4ED2-437A-B2E8-6767A9C57936}.Release|Any CPU.Build.0 = Release|Any CPU
	EndGlobalSection
EndGlobal
